
Microsoft Visual Studio Solution File, Format Version 12.00
# Visual Studio 15
VisualStudioVersion = 15.0.28307.168
MinimumVisualStudioVersion = 10.0.40219.1
Project("{FAE04EC0-301F-11D3-BF4B-00C04F79EFBC}") = "Calculator", "Calculator\Calculator.csproj", "{F7FBE33F-7341-4C92-9ABF-35F56C8819ED}"
EndProject
Global
	GlobalSection(SolutionConfigurationPlatforms) = preSolution
		Debug|Any CPU = Debug|Any CPU
		Release|Any CPU = Release|Any CPU
	EndGlobalSection
	GlobalSection(ProjectConfigurationPlatforms) = postSolution
		{F7FBE33F-7341-4C92-9ABF-35F56C8819ED}.Debug|Any CPU.ActiveCfg = Debug|Any CPU
		{F7FBE33F-7341-4C92-9ABF-35F56C8819ED}.Debug|Any CPU.Build.0 = Debug|Any CPU
		{F7FBE33F-7341-4C92-9ABF-35F56C8819ED}.Release|Any CPU.ActiveCfg = Release|Any CPU
		{F7FBE33F-7341-4C92-9ABF-35F56C8819ED}.Release|Any CPU.Build.0 = Release|Any CPU
	EndGlobalSection
	GlobalSection(SolutionProperties) = preSolution
		HideSolutionNode = FALSE
	EndGlobalSection
	GlobalSection(ExtensibilityGlobals) = postSolution
		SolutionGuid = {FDF035B1-E465-45ED-A566-28B8551DEC12}
	EndGlobalSection
EndGlobal
